
Microsoft Visual Studio Solution File, Format Version 12.00
# Visual Studio Version 17
VisualStudioVersion = 17.14.36414.22
MinimumVisualStudioVersion = 10.0.40219.1
Project("{FAE04EC0-301F-11D3-BF4B-00C04F79EFBC}") = "AcademiaMagento.API", "AcademiaMagento.API\AcademiaMagento.API.csproj", "{97BA248F-F9B1-47E0-8E13-562B70A5C297}"
EndProject
Project("{FAE04EC0-301F-11D3-BF4B-00C04F79EFBC}") = "AcademiaMagento.Application", "AcademiaMagento.Application\AcademiaMagento.Application.csproj", "{5D7FBAC5-AC2C-451B-A83B-6898F313EA42}"
EndProject
Project("{FAE04EC0-301F-11D3-BF4B-00C04F79EFBC}") = "AcademiaMagento.Domain", "AcademiaMagento.Domain\AcademiaMagento.Domain.csproj", "{A530DF67-1CB0-4052-952A-41446070145A}"
EndProject
Project("{FAE04EC0-301F-11D3-BF4B-00C04F79EFBC}") = "AcademiaMagento.Infra.Data.EntityFramework", "AcademiaMagento.Infra.Data.EntityFramework\AcademiaMagento.Infra.Data.EntityFramework.csproj", "{BCAB0F76-C4AA-4125-9445-7B6F40D48AD1}"
EndProject
Project("{FAE04EC0-301F-11D3-BF4B-00C04F79EFBC}") = "AcademiaMagento.Infra.CrossCutting.IoC", "AcademiaMagento.Infra.CrossCutting.IoC\AcademiaMagento.Infra.CrossCutting.IoC.csproj", "{17ADE120-9B05-4797-B004-E85DEFFC0BC4}"
EndProject
Global
	GlobalSection(SolutionConfigurationPlatforms) = preSolution
		Debug|Any CPU = Debug|Any CPU
		Release|Any CPU = Release|Any CPU
	EndGlobalSection
	GlobalSection(ProjectConfigurationPlatforms) = postSolution
		{97BA248F-F9B1-47E0-8E13-562B70A5C297}.Debug|Any CPU.ActiveCfg = Debug|Any CPU
		{97BA248F-F9B1-47E0-8E13-562B70A5C297}.Debug|Any CPU.Build.0 = Debug|Any CPU
		{97BA248F-F9B1-47E0-8E13-562B70A5C297}.Release|Any CPU.ActiveCfg = Release|Any CPU
		{97BA248F-F9B1-47E0-8E13-562B70A5C297}.Release|Any CPU.Build.0 = Release|Any CPU
		{5D7FBAC5-AC2C-451B-A83B-6898F313EA42}.Debug|Any CPU.ActiveCfg = Debug|Any CPU
		{5D7FBAC5-AC2C-451B-A83B-6898F313EA42}.Debug|Any CPU.Build.0 = Debug|Any CPU
		{5D7FBAC5-AC2C-451B-A83B-6898F313EA42}.Release|Any CPU.ActiveCfg = Release|Any CPU
		{5D7FBAC5-AC2C-451B-A83B-6898F313EA42}.Release|Any CPU.Build.0 = Release|Any CPU
		{A530DF67-1CB0-4052-952A-41446070145A}.Debug|Any CPU.ActiveCfg = Debug|Any CPU
		{A530DF67-1CB0-4052-952A-41446070145A}.Debug|Any CPU.Build.0 = Debug|Any CPU
		{A530DF67-1CB0-4052-952A-41446070145A}.Release|Any CPU.ActiveCfg = Release|Any CPU
		{A530DF67-1CB0-4052-952A-41446070145A}.Release|Any CPU.Build.0 = Release|Any CPU
		{BCAB0F76-C4AA-4125-9445-7B6F40D48AD1}.Debug|Any CPU.ActiveCfg = Debug|Any CPU
		{BCAB0F76-C4AA-4125-9445-7B6F40D48AD1}.Debug|Any CPU.Build.0 = Debug|Any CPU
		{BCAB0F76-C4AA-4125-9445-7B6F40D48AD1}.Release|Any CPU.ActiveCfg = Release|Any CPU
		{BCAB0F76-C4AA-4125-9445-7B6F40D48AD1}.Release|Any CPU.Build.0 = Release|Any CPU
		{17ADE120-9B05-4797-B004-E85DEFFC0BC4}.Debug|Any CPU.ActiveCfg = Debug|Any CPU
		{17ADE120-9B05-4797-B004-E85DEFFC0BC4}.Debug|Any CPU.Build.0 = Debug|Any CPU
		{17ADE120-9B05-4797-B004-E85DEFFC0BC4}.Release|Any CPU.ActiveCfg = Release|Any CPU
		{17ADE120-9B05-4797-B004-E85DEFFC0BC4}.Release|Any CPU.Build.0 = Release|Any CPU
	EndGlobalSection
	GlobalSection(SolutionProperties) = preSolution
		HideSolutionNode = FALSE
	EndGlobalSection
	GlobalSection(ExtensibilityGlobals) = postSolution
		SolutionGuid = {9BEF60EF-6E62-4AC4-8930-AC5C15B2400C}
	EndGlobalSection
EndGlobal
